
Microsoft Visual Studio Solution File, Format Version 12.00
# Visual Studio 15
VisualStudioVersion = 15.0.27703.2018
MinimumVisualStudioVersion = 10.0.40219.1
Project("{FAE04EC0-301F-11D3-BF4B-00C04F79EFBC}") = "SimpleApp.API", "SimpleApp.API\SimpleApp.API.csproj", "{2A7DFAA0-A98C-4C25-8ADB-41F6D38FE4CA}"
EndProject
Project("{FAE04EC0-301F-11D3-BF4B-00C04F79EFBC}") = "SimpleApp.WEB", "SimpleApp.WEB\SimpleApp.WEB.csproj", "{D2812A31-9439-437F-B5C5-06A21E471F91}"
EndProject
Global
	GlobalSection(SolutionConfigurationPlatforms) = preSolution
		Debug|Any CPU = Debug|Any CPU
		Release|Any CPU = Release|Any CPU
	EndGlobalSection
	GlobalSection(ProjectConfigurationPlatforms) = postSolution
		{2A7DFAA0-A98C-4C25-8ADB-41F6D38FE4CA}.Debug|Any CPU.ActiveCfg = Debug|Any CPU
		{2A7DFAA0-A98C-4C25-8ADB-41F6D38FE4CA}.Debug|Any CPU.Build.0 = Debug|Any CPU
		{2A7DFAA0-A98C-4C25-8ADB-41F6D38FE4CA}.Release|Any CPU.ActiveCfg = Release|Any CPU
		{2A7DFAA0-A98C-4C25-8ADB-41F6D38FE4CA}.Release|Any CPU.Build.0 = Release|Any CPU
		{D2812A31-9439-437F-B5C5-06A21E471F91}.Debug|Any CPU.ActiveCfg = Debug|Any CPU
		{D2812A31-9439-437F-B5C5-06A21E471F91}.Debug|Any CPU.Build.0 = Debug|Any CPU
		{D2812A31-9439-437F-B5C5-06A21E471F91}.Release|Any CPU.ActiveCfg = Release|Any CPU
		{D2812A31-9439-437F-B5C5-06A21E471F91}.Release|Any CPU.Build.0 = Release|Any CPU
	EndGlobalSection
	GlobalSection(SolutionProperties) = preSolution
		HideSolutionNode = FALSE
	EndGlobalSection
	GlobalSection(ExtensibilityGlobals) = postSolution
		SolutionGuid = {D2397DB0-150C-4541-8C16-34C47F63A4CF}
	EndGlobalSection
EndGlobal
